
Microsoft Visual Studio Solution File, Format Version 12.00
# Visual Studio 15
VisualStudioVersion = 15.0.26711.1
MinimumVisualStudioVersion = 10.0.40219.1
Project("{FAE04EC0-301F-11D3-BF4B-00C04F79EFBC}") = "BatteryStatus.Android", "BatteryStatus\BatteryStatus.Android\BatteryStatus.Android.csproj", "{F65E154C-A29E-4111-A1F0-E8BB14D3EF4A}"
EndProject
Project("{FAE04EC0-301F-11D3-BF4B-00C04F79EFBC}") = "BatteryStatus", "BatteryStatus\BatteryStatus\BatteryStatus.csproj", "{EF3719CB-790B-4A22-9EDD-B90FEB7D13BF}"
EndProject
Global
	GlobalSection(SolutionConfigurationPlatforms) = preSolution
		Ad-Hoc|Any CPU = Ad-Hoc|Any CPU
		Ad-Hoc|iPhone = Ad-Hoc|iPhone
		Ad-Hoc|iPhoneSimulator = Ad-Hoc|iPhoneSimulator
		AppStore|Any CPU = AppStore|Any CPU
		AppStore|iPhone = AppStore|iPhone
		AppStore|iPhoneSimulator = AppStore|iPhoneSimulator
		Debug|Any CPU = Debug|Any CPU
		Debug|iPhone = Debug|iPhone
		Debug|iPhoneSimulator = Debug|iPhoneSimulator
		Release|Any CPU = Release|Any CPU
		Release|iPhone = Release|iPhone
		Release|iPhoneSimulator = Release|iPhoneSimulator
	EndGlobalSection
	GlobalSection(ProjectConfigurationPlatforms) = postSolution
		{F65E154C-A29E-4111-A1F0-E8BB14D3EF4A}.Ad-Hoc|Any CPU.ActiveCfg = Release|Any CPU
		{F65E154C-A29E-4111-A1F0-E8BB14D3EF4A}.Ad-Hoc|Any CPU.Build.0 = Release|Any CPU
		{F65E154C-A29E-4111-A1F0-E8BB14D3EF4A}.Ad-Hoc|Any CPU.Deploy.0 = Release|Any CPU
		{F65E154C-A29E-4111-A1F0-E8BB14D3EF4A}.Ad-Hoc|iPhone.ActiveCfg = Release|Any CPU
		{F65E154C-A29E-4111-A1F0-E8BB14D3EF4A}.Ad-Hoc|iPhone.Build.0 = Release|Any CPU
		{F65E154C-A29E-4111-A1F0-E8BB14D3EF4A}.Ad-Hoc|iPhone.Deploy.0 = Release|Any CPU
		{F65E154C-A29E-4111-A1F0-E8BB14D3EF4A}.Ad-Hoc|iPhoneSimulator.ActiveCfg = Release|Any CPU
		{F65E154C-A29E-4111-A1F0-E8BB14D3EF4A}.Ad-Hoc|iPhoneSimulator.Build.0 = Release|Any CPU
		{F65E154C-A29E-4111-A1F0-E8BB14D3EF4A}.Ad-Hoc|iPhoneSimulator.Deploy.0 = Release|Any CPU
		{F65E154C-A29E-4111-A1F0-E8BB14D3EF4A}.AppStore|Any CPU.ActiveCfg = Release|Any CPU
		{F65E154C-A29E-4111-A1F0-E8BB14D3EF4A}.AppStore|Any CPU.Build.0 = Release|Any CPU
		{F65E154C-A29E-4111-A1F0-E8BB14D3EF4A}.AppStore|Any CPU.Deploy.0 = Release|Any CPU
		{F65E154C-A29E-4111-A1F0-E8BB14D3EF4A}.AppStore|iPhone.ActiveCfg = Release|Any CPU
		{F65E154C-A29E-4111-A1F0-E8BB14D3EF4A}.AppStore|iPhone.Build.0 = Release|Any CPU
		{F65E154C-A29E-4111-A1F0-E8BB14D3EF4A}.AppStore|iPhone.Deploy.0 = Release|Any CPU
		{F65E154C-A29E-4111-A1F0-E8BB14D3EF4A}.AppStore|iPhoneSimulator.ActiveCfg = Release|Any CPU
		{F65E154C-A29E-4111-A1F0-E8BB14D3EF4A}.AppStore|iPhoneSimulator.Build.0 = Release|Any CPU
		{F65E154C-A29E-4111-A1F0-E8BB14D3EF4A}.AppStore|iPhoneSimulator.Deploy.0 = Release|Any CPU
		{F65E154C-A29E-4111-A1F0-E8BB14D3EF4A}.Debug|Any CPU.ActiveCfg = Debug|Any CPU
		{F65E154C-A29E-4111-A1F0-E8BB14D3EF4A}.Debug|Any CPU.Build.0 = Debug|Any CPU
		{F65E154C-A29E-4111-A1F0-E8BB14D3EF4A}.Debug|Any CPU.Deploy.0 = Debug|Any CPU
		{F65E154C-A29E-4111-A1F0-E8BB14D3EF4A}.Debug|iPhone.ActiveCfg = Debug|Any CPU
		{F65E154C-A29E-4111-A1F0-E8BB14D3EF4A}.Debug|iPhone.Build.0 = Debug|Any CPU
		{F65E154C-A29E-4111-A1F0-E8BB14D3EF4A}.Debug|iPhone.Deploy.0 = Debug|Any CPU
		{F65E154C-A29E-4111-A1F0-E8BB14D3EF4A}.Debug|iPhoneSimulator.ActiveCfg = Debug|Any CPU
		{F65E154C-A29E-4111-A1F0-E8BB14D3EF4A}.Debug|iPhoneSimulator.Build.0 = Debug|Any CPU
		{F65E154C-A29E-4111-A1F0-E8BB14D3EF4A}.Debug|iPhoneSimulator.Deploy.0 = Debug|Any CPU
		{F65E154C-A29E-4111-A1F0-E8BB14D3EF4A}.Release|Any CPU.ActiveCfg = Release|Any CPU
		{F65E154C-A29E-4111-A1F0-E8BB14D3EF4A}.Release|Any CPU.Build.0 = Release|Any CPU
		{F65E154C-A29E-4111-A1F0-E8BB14D3EF4A}.Release|Any CPU.Deploy.0 = Release|Any CPU
		{F65E154C-A29E-4111-A1F0-E8BB14D3EF4A}.Release|iPhone.ActiveCfg = Release|Any CPU
		{F65E154C-A29E-4111-A1F0-E8BB14D3EF4A}.Release|iPhone.Build.0 = Release|Any CPU
		{F65E154C-A29E-4111-A1F0-E8BB14D3EF4A}.Release|iPhone.Deploy.0 = Release|Any CPU
		{F65E154C-A29E-4111-A1F0-E8BB14D3EF4A}.Release|iPhoneSimulator.ActiveCfg = Release|Any CPU
		{F65E154C-A29E-4111-A1F0-E8BB14D3EF4A}.Release|iPhoneSimulator.Build.0 = Release|Any CPU
		{F65E154C-A29E-4111-A1F0-E8BB14D3EF4A}.Release|iPhoneSimulator.Deploy.0 = Release|Any CPU
		{EF3719CB-790B-4A22-9EDD-B90FEB7D13BF}.Ad-Hoc|Any CPU.ActiveCfg = Release|Any CPU
		{EF3719CB-790B-4A22-9EDD-B90FEB7D13BF}.Ad-Hoc|Any CPU.Build.0 = Release|Any CPU
		{EF3719CB-790B-4A22-9EDD-B90FEB7D13BF}.Ad-Hoc|iPhone.ActiveCfg = Release|Any CPU
		{EF3719CB-790B-4A22-9EDD-B90FEB7D13BF}.Ad-Hoc|iPhone.Build.0 = Release|Any CPU
		{EF3719CB-790B-4A22-9EDD-B90FEB7D13BF}.Ad-Hoc|iPhoneSimulator.ActiveCfg = Release|Any CPU
		{EF3719CB-790B-4A22-9EDD-B90FEB7D13BF}.Ad-Hoc|iPhoneSimulator.Build.0 = Release|Any CPU
		{EF3719CB-790B-4A22-9EDD-B90FEB7D13BF}.AppStore|Any CPU.ActiveCfg = Release|Any CPU
		{EF3719CB-790B-4A22-9EDD-B90FEB7D13BF}.AppStore|Any CPU.Build.0 = Release|Any CPU
		{EF3719CB-790B-4A22-9EDD-B90FEB7D13BF}.AppStore|iPhone.ActiveCfg = Release|Any CPU
		{EF3719CB-790B-4A22-9EDD-B90FEB7D13BF}.AppStore|iPhone.Build.0 = Release|Any CPU
		{EF3719CB-790B-4A22-9EDD-B90FEB7D13BF}.AppStore|iPhoneSimulator.ActiveCfg = Release|Any CPU
		{EF3719CB-790B-4A22-9EDD-B90FEB7D13BF}.AppStore|iPhoneSimulator.Build.0 = Release|Any CPU
		{EF3719CB-790B-4A22-9EDD-B90FEB7D13BF}.Debug|Any CPU.ActiveCfg = Debug|Any CPU
		{EF3719CB-790B-4A22-9EDD-B90FEB7D13BF}.Debug|Any CPU.Build.0 = Debug|Any CPU
		{EF3719CB-790B-4A22-9EDD-B90FEB7D13BF}.Debug|iPhone.ActiveCfg = Debug|Any CPU
		{EF3719CB-790B-4A22-9EDD-B90FEB7D13BF}.Debug|iPhone.Build.0 = Debug|Any CPU
		{EF3719CB-790B-4A22-9EDD-B90FEB7D13BF}.Debug|iPhoneSimulator.ActiveCfg = Debug|Any CPU
		{EF3719CB-790B-4A22-9EDD-B90FEB7D13BF}.Debug|iPhoneSimulator.Build.0 = Debug|Any CPU
		{EF3719CB-790B-4A22-9EDD-B90FEB7D13BF}.Release|Any CPU.ActiveCfg = Release|Any CPU
		{EF3719CB-790B-4A22-9EDD-B90FEB7D13BF}.Release|Any CPU.Build.0 = Release|Any CPU
		{EF3719CB-790B-4A22-9EDD-B90FEB7D13BF}.Release|iPhone.ActiveCfg = Release|Any CPU
		{EF3719CB-790B-4A22-9EDD-B90FEB7D13BF}.Release|iPhone.Build.0 = Release|Any CPU
		{EF3719CB-790B-4A22-9EDD-B90FEB7D13BF}.Release|iPhoneSimulator.ActiveCfg = Release|Any CPU
		{EF3719CB-790B-4A22-9EDD-B90FEB7D13BF}.Release|iPhoneSimulator.Build.0 = Release|Any CPU
	EndGlobalSection
	GlobalSection(SolutionProperties) = preSolution
		HideSolutionNode = FALSE
	EndGlobalSection
	GlobalSection(ExtensibilityGlobals) = postSolution
		SolutionGuid = {3DB0FD64-074E-4777-A63D-CCFF92E150C8}
	EndGlobalSection
EndGlobal
